
Microsoft Visual Studio Solution File, Format Version 12.00
# Visual Studio Version 16
VisualStudioVersion = 16.0.30413.136
MinimumVisualStudioVersion = 10.0.40219.1
Project("{FAE04EC0-301F-11D3-BF4B-00C04F79EFBC}") = "ReadWriteTextFile", "ReadWriteTextFile\ReadWriteTextFile.csproj", "{373943D5-8F24-4C15-9729-E54317050BA9}"
EndProject
Project("{FAE04EC0-301F-11D3-BF4B-00C04F79EFBC}") = "ReadWriteCsvFile", "ReadWriteCsvFile\ReadWriteCsvFile.csproj", "{1513F5C1-3E95-49D2-8F0D-7686A8982CFD}"
EndProject
Project("{FAE04EC0-301F-11D3-BF4B-00C04F79EFBC}") = "SharedLibrary", "SharedLibrary\SharedLibrary.csproj", "{1A3EC439-12A8-4F66-9526-7EC4B0B0AAE1}"
EndProject
Project("{FAE04EC0-301F-11D3-BF4B-00C04F79EFBC}") = "ReadWriteXmlFile", "ReadWriteXmlFile\ReadWriteXmlFile.csproj", "{B5928E2B-BF6E-4B21-972C-D96D730E0342}"
EndProject
Project("{FAE04EC0-301F-11D3-BF4B-00C04F79EFBC}") = "ReadWriteJsonFile", "ReadWriteJsonFile\ReadWriteJsonFile.csproj", "{5191BFA8-137F-444B-B9A2-3198DEA25C7D}"
EndProject
Project("{FAE04EC0-301F-11D3-BF4B-00C04F79EFBC}") = "ReadWriteFileUwp", "ReadWriteFileUwp\ReadWriteFileUwp.csproj", "{13D46678-2C94-4001-93CC-B17B5D01A2DE}"
EndProject
Global
	GlobalSection(SolutionConfigurationPlatforms) = preSolution
		Debug|Any CPU = Debug|Any CPU
		Debug|ARM = Debug|ARM
		Debug|ARM64 = Debug|ARM64
		Debug|x64 = Debug|x64
		Debug|x86 = Debug|x86
		Release|Any CPU = Release|Any CPU
		Release|ARM = Release|ARM
		Release|ARM64 = Release|ARM64
		Release|x64 = Release|x64
		Release|x86 = Release|x86
	EndGlobalSection
	GlobalSection(ProjectConfigurationPlatforms) = postSolution
		{373943D5-8F24-4C15-9729-E54317050BA9}.Debug|Any CPU.ActiveCfg = Debug|Any CPU
		{373943D5-8F24-4C15-9729-E54317050BA9}.Debug|Any CPU.Build.0 = Debug|Any CPU
		{373943D5-8F24-4C15-9729-E54317050BA9}.Debug|ARM.ActiveCfg = Debug|Any CPU
		{373943D5-8F24-4C15-9729-E54317050BA9}.Debug|ARM.Build.0 = Debug|Any CPU
		{373943D5-8F24-4C15-9729-E54317050BA9}.Debug|ARM64.ActiveCfg = Debug|Any CPU
		{373943D5-8F24-4C15-9729-E54317050BA9}.Debug|ARM64.Build.0 = Debug|Any CPU
		{373943D5-8F24-4C15-9729-E54317050BA9}.Debug|x64.ActiveCfg = Debug|Any CPU
		{373943D5-8F24-4C15-9729-E54317050BA9}.Debug|x64.Build.0 = Debug|Any CPU
		{373943D5-8F24-4C15-9729-E54317050BA9}.Debug|x86.ActiveCfg = Debug|Any CPU
		{373943D5-8F24-4C15-9729-E54317050BA9}.Debug|x86.Build.0 = Debug|Any CPU
		{373943D5-8F24-4C15-9729-E54317050BA9}.Release|Any CPU.ActiveCfg = Release|Any CPU
		{373943D5-8F24-4C15-9729-E54317050BA9}.Release|Any CPU.Build.0 = Release|Any CPU
		{373943D5-8F24-4C15-9729-E54317050BA9}.Release|ARM.ActiveCfg = Release|Any CPU
		{373943D5-8F24-4C15-9729-E54317050BA9}.Release|ARM.Build.0 = Release|Any CPU
		{373943D5-8F24-4C15-9729-E54317050BA9}.Release|ARM64.ActiveCfg = Release|Any CPU
		{373943D5-8F24-4C15-9729-E54317050BA9}.Release|ARM64.Build.0 = Release|Any CPU
		{373943D5-8F24-4C15-9729-E54317050BA9}.Release|x64.ActiveCfg = Release|Any CPU
		{373943D5-8F24-4C15-9729-E54317050BA9}.Release|x64.Build.0 = Release|Any CPU
		{373943D5-8F24-4C15-9729-E54317050BA9}.Release|x86.ActiveCfg = Release|Any CPU
		{373943D5-8F24-4C15-9729-E54317050BA9}.Release|x86.Build.0 = Release|Any CPU
		{1513F5C1-3E95-49D2-8F0D-7686A8982CFD}.Debug|Any CPU.ActiveCfg = Debug|Any CPU
		{1513F5C1-3E95-49D2-8F0D-7686A8982CFD}.Debug|Any CPU.Build.0 = Debug|Any CPU
		{1513F5C1-3E95-49D2-8F0D-7686A8982CFD}.Debug|ARM.ActiveCfg = Debug|Any CPU
		{1513F5C1-3E95-49D2-8F0D-7686A8982CFD}.Debug|ARM.Build.0 = Debug|Any CPU
		{1513F5C1-3E95-49D2-8F0D-7686A8982CFD}.Debug|ARM64.ActiveCfg = Debug|Any CPU
		{1513F5C1-3E95-49D2-8F0D-7686A8982CFD}.Debug|ARM64.Build.0 = Debug|Any CPU
		{1513F5C1-3E95-49D2-8F0D-7686A8982CFD}.Debug|x64.ActiveCfg = Debug|Any CPU
		{1513F5C1-3E95-49D2-8F0D-7686A8982CFD}.Debug|x64.Build.0 = Debug|Any CPU
		{1513F5C1-3E95-49D2-8F0D-7686A8982CFD}.Debug|x86.ActiveCfg = Debug|Any CPU
		{1513F5C1-3E95-49D2-8F0D-7686A8982CFD}.Debug|x86.Build.0 = Debug|Any CPU
		{1513F5C1-3E95-49D2-8F0D-7686A8982CFD}.Release|Any CPU.ActiveCfg = Release|Any CPU
		{1513F5C1-3E95-49D2-8F0D-7686A8982CFD}.Release|Any CPU.Build.0 = Release|Any CPU
		{1513F5C1-3E95-49D2-8F0D-7686A8982CFD}.Release|ARM.ActiveCfg = Release|Any CPU
		{1513F5C1-3E95-49D2-8F0D-7686A8982CFD}.Release|ARM.Build.0 = Release|Any CPU
		{1513F5C1-3E95-49D2-8F0D-7686A8982CFD}.Release|ARM64.ActiveCfg = Release|Any CPU
		{1513F5C1-3E95-49D2-8F0D-7686A8982CFD}.Release|ARM64.Build.0 = Release|Any CPU
		{1513F5C1-3E95-49D2-8F0D-7686A8982CFD}.Release|x64.ActiveCfg = Release|Any CPU
		{1513F5C1-3E95-49D2-8F0D-7686A8982CFD}.Release|x64.Build.0 = Release|Any CPU
		{1513F5C1-3E95-49D2-8F0D-7686A8982CFD}.Release|x86.ActiveCfg = Release|Any CPU
		{1513F5C1-3E95-49D2-8F0D-7686A8982CFD}.Release|x86.Build.0 = Release|Any CPU
		{1A3EC439-12A8-4F66-9526-7EC4B0B0AAE1}.Debug|Any CPU.ActiveCfg = Debug|Any CPU
		{1A3EC439-12A8-4F66-9526-7EC4B0B0AAE1}.Debug|Any CPU.Build.0 = Debug|Any CPU
		{1A3EC439-12A8-4F66-9526-7EC4B0B0AAE1}.Debug|ARM.ActiveCfg = Debug|Any CPU
		{1A3EC439-12A8-4F66-9526-7EC4B0B0AAE1}.Debug|ARM.Build.0 = Debug|Any CPU
		{1A3EC439-12A8-4F66-9526-7EC4B0B0AAE1}.Debug|ARM64.ActiveCfg = Debug|Any CPU
		{1A3EC439-12A8-4F66-9526-7EC4B0B0AAE1}.Debug|ARM64.Build.0 = Debug|Any CPU
		{1A3EC439-12A8-4F66-9526-7EC4B0B0AAE1}.Debug|x64.ActiveCfg = Debug|Any CPU
		{1A3EC439-12A8-4F66-9526-7EC4B0B0AAE1}.Debug|x64.Build.0 = Debug|Any CPU
		{1A3EC439-12A8-4F66-9526-7EC4B0B0AAE1}.Debug|x86.ActiveCfg = Debug|Any CPU
		{1A3EC439-12A8-4F66-9526-7EC4B0B0AAE1}.Debug|x86.Build.0 = Debug|Any CPU
		{1A3EC439-12A8-4F66-9526-7EC4B0B0AAE1}.Release|Any CPU.ActiveCfg = Release|Any CPU
		{1A3EC439-12A8-4F66-9526-7EC4B0B0AAE1}.Release|Any CPU.Build.0 = Release|Any CPU
		{1A3EC439-12A8-4F66-9526-7EC4B0B0AAE1}.Release|ARM.ActiveCfg = Release|Any CPU
		{1A3EC439-12A8-4F66-9526-7EC4B0B0AAE1}.Release|ARM.Build.0 = Release|Any CPU
		{1A3EC439-12A8-4F66-9526-7EC4B0B0AAE1}.Release|ARM64.ActiveCfg = Release|Any CPU
		{1A3EC439-12A8-4F66-9526-7EC4B0B0AAE1}.Release|ARM64.Build.0 = Release|Any CPU
		{1A3EC439-12A8-4F66-9526-7EC4B0B0AAE1}.Release|x64.ActiveCfg = Release|Any CPU
		{1A3EC439-12A8-4F66-9526-7EC4B0B0AAE1}.Release|x64.Build.0 = Release|Any CPU
		{1A3EC439-12A8-4F66-9526-7EC4B0B0AAE1}.Release|x86.ActiveCfg = Release|Any CPU
		{1A3EC439-12A8-4F66-9526-7EC4B0B0AAE1}.Release|x86.Build.0 = Release|Any CPU
		{B5928E2B-BF6E-4B21-972C-D96D730E0342}.Debug|Any CPU.ActiveCfg = Debug|Any CPU
		{B5928E2B-BF6E-4B21-972C-D96D730E0342}.Debug|Any CPU.Build.0 = Debug|Any CPU
		{B5928E2B-BF6E-4B21-972C-D96D730E0342}.Debug|ARM.ActiveCfg = Debug|Any CPU
		{B5928E2B-BF6E-4B21-972C-D96D730E0342}.Debug|ARM.Build.0 = Debug|Any CPU
		{B5928E2B-BF6E-4B21-972C-D96D730E0342}.Debug|ARM64.ActiveCfg = Debug|Any CPU
		{B5928E2B-BF6E-4B21-972C-D96D730E0342}.Debug|ARM64.Build.0 = Debug|Any CPU
		{B5928E2B-BF6E-4B21-972C-D96D730E0342}.Debug|x64.ActiveCfg = Debug|Any CPU
		{B5928E2B-BF6E-4B21-972C-D96D730E0342}.Debug|x64.Build.0 = Debug|Any CPU
		{B5928E2B-BF6E-4B21-972C-D96D730E0342}.Debug|x86.ActiveCfg = Debug|Any CPU
		{B5928E2B-BF6E-4B21-972C-D96D730E0342}.Debug|x86.Build.0 = Debug|Any CPU
		{B5928E2B-BF6E-4B21-972C-D96D730E0342}.Release|Any CPU.ActiveCfg = Release|Any CPU
		{B5928E2B-BF6E-4B21-972C-D96D730E0342}.Release|Any CPU.Build.0 = Release|Any CPU
		{B5928E2B-BF6E-4B21-972C-D96D730E0342}.Release|ARM.ActiveCfg = Release|Any CPU
		{B5928E2B-BF6E-4B21-972C-D96D730E0342}.Release|ARM.Build.0 = Release|Any CPU
		{B5928E2B-BF6E-4B21-972C-D96D730E0342}.Release|ARM64.ActiveCfg = Release|Any CPU
		{B5928E2B-BF6E-4B21-972C-D96D730E0342}.Release|ARM64.Build.0 = Release|Any CPU
		{B5928E2B-BF6E-4B21-972C-D96D730E0342}.Release|x64.ActiveCfg = Release|Any CPU
		{B5928E2B-BF6E-4B21-972C-D96D730E0342}.Release|x64.Build.0 = Release|Any CPU
		{B5928E2B-BF6E-4B21-972C-D96D730E0342}.Release|x86.ActiveCfg = Release|Any CPU
		{B5928E2B-BF6E-4B21-972C-D96D730E0342}.Release|x86.Build.0 = Release|Any CPU
		{5191BFA8-137F-444B-B9A2-3198DEA25C7D}.Debug|Any CPU.ActiveCfg = Debug|Any CPU
		{5191BFA8-137F-444B-B9A2-3198DEA25C7D}.Debug|Any CPU.Build.0 = Debug|Any CPU
		{5191BFA8-137F-444B-B9A2-3198DEA25C7D}.Debug|ARM.ActiveCfg = Debug|Any CPU
		{5191BFA8-137F-444B-B9A2-3198DEA25C7D}.Debug|ARM.Build.0 = Debug|Any CPU
		{5191BFA8-137F-444B-B9A2-3198DEA25C7D}.Debug|ARM64.ActiveCfg = Debug|Any CPU
		{5191BFA8-137F-444B-B9A2-3198DEA25C7D}.Debug|ARM64.Build.0 = Debug|Any CPU
		{5191BFA8-137F-444B-B9A2-3198DEA25C7D}.Debug|x64.ActiveCfg = Debug|Any CPU
		{5191BFA8-137F-444B-B9A2-3198DEA25C7D}.Debug|x64.Build.0 = Debug|Any CPU
		{5191BFA8-137F-444B-B9A2-3198DEA25C7D}.Debug|x86.ActiveCfg = Debug|Any CPU
		{5191BFA8-137F-444B-B9A2-3198DEA25C7D}.Debug|x86.Build.0 = Debug|Any CPU
		{5191BFA8-137F-444B-B9A2-3198DEA25C7D}.Release|Any CPU.ActiveCfg = Release|Any CPU
		{5191BFA8-137F-444B-B9A2-3198DEA25C7D}.Release|Any CPU.Build.0 = Release|Any CPU
		{5191BFA8-137F-444B-B9A2-3198DEA25C7D}.Release|ARM.ActiveCfg = Release|Any CPU
		{5191BFA8-137F-444B-B9A2-3198DEA25C7D}.Release|ARM.Build.0 = Release|Any CPU
		{5191BFA8-137F-444B-B9A2-3198DEA25C7D}.Release|ARM64.ActiveCfg = Release|Any CPU
		{5191BFA8-137F-444B-B9A2-3198DEA25C7D}.Release|ARM64.Build.0 = Release|Any CPU
		{5191BFA8-137F-444B-B9A2-3198DEA25C7D}.Release|x64.ActiveCfg = Release|Any CPU
		{5191BFA8-137F-444B-B9A2-3198DEA25C7D}.Release|x64.Build.0 = Release|Any CPU
		{5191BFA8-137F-444B-B9A2-3198DEA25C7D}.Release|x86.ActiveCfg = Release|Any CPU
		{5191BFA8-137F-444B-B9A2-3198DEA25C7D}.Release|x86.Build.0 = Release|Any CPU
		{13D46678-2C94-4001-93CC-B17B5D01A2DE}.Debug|Any CPU.ActiveCfg = Debug|x86
		{13D46678-2C94-4001-93CC-B17B5D01A2DE}.Debug|ARM.ActiveCfg = Debug|ARM
		{13D46678-2C94-4001-93CC-B17B5D01A2DE}.Debug|ARM.Build.0 = Debug|ARM
		{13D46678-2C94-4001-93CC-B17B5D01A2DE}.Debug|ARM.Deploy.0 = Debug|ARM
		{13D46678-2C94-4001-93CC-B17B5D01A2DE}.Debug|ARM64.ActiveCfg = Debug|ARM64
		{13D46678-2C94-4001-93CC-B17B5D01A2DE}.Debug|ARM64.Build.0 = Debug|ARM64
		{13D46678-2C94-4001-93CC-B17B5D01A2DE}.Debug|ARM64.Deploy.0 = Debug|ARM64
		{13D46678-2C94-4001-93CC-B17B5D01A2DE}.Debug|x64.ActiveCfg = Debug|x64
		{13D46678-2C94-4001-93CC-B17B5D01A2DE}.Debug|x64.Build.0 = Debug|x64
		{13D46678-2C94-4001-93CC-B17B5D01A2DE}.Debug|x64.Deploy.0 = Debug|x64
		{13D46678-2C94-4001-93CC-B17B5D01A2DE}.Debug|x86.ActiveCfg = Debug|x86
		{13D46678-2C94-4001-93CC-B17B5D01A2DE}.Debug|x86.Build.0 = Debug|x86
		{13D46678-2C94-4001-93CC-B17B5D01A2DE}.Debug|x86.Deploy.0 = Debug|x86
		{13D46678-2C94-4001-93CC-B17B5D01A2DE}.Release|Any CPU.ActiveCfg = Release|x86
		{13D46678-2C94-4001-93CC-B17B5D01A2DE}.Release|ARM.ActiveCfg = Release|ARM
		{13D46678-2C94-4001-93CC-B17B5D01A2DE}.Release|ARM.Build.0 = Release|ARM
		{13D46678-2C94-4001-93CC-B17B5D01A2DE}.Release|ARM.Deploy.0 = Release|ARM
		{13D46678-2C94-4001-93CC-B17B5D01A2DE}.Release|ARM64.ActiveCfg = Release|ARM64
		{13D46678-2C94-4001-93CC-B17B5D01A2DE}.Release|ARM64.Build.0 = Release|ARM64
		{13D46678-2C94-4001-93CC-B17B5D01A2DE}.Release|ARM64.Deploy.0 = Release|ARM64
		{13D46678-2C94-4001-93CC-B17B5D01A2DE}.Release|x64.ActiveCfg = Release|x64
		{13D46678-2C94-4001-93CC-B17B5D01A2DE}.Release|x64.Build.0 = Release|x64
		{13D46678-2C94-4001-93CC-B17B5D01A2DE}.Release|x64.Deploy.0 = Release|x64
		{13D46678-2C94-4001-93CC-B17B5D01A2DE}.Release|x86.ActiveCfg = Release|x86
		{13D46678-2C94-4001-93CC-B17B5D01A2DE}.Release|x86.Build.0 = Release|x86
		{13D46678-2C94-4001-93CC-B17B5D01A2DE}.Release|x86.Deploy.0 = Release|x86
	EndGlobalSection
	GlobalSection(SolutionProperties) = preSolution
		HideSolutionNode = FALSE
	EndGlobalSection
	GlobalSection(ExtensibilityGlobals) = postSolution
		SolutionGuid = {6ED5EF8D-62F9-44CF-B84E-9BE859E850FF}
	EndGlobalSection
EndGlobal
